
Microsoft Visual Studio Solution File, Format Version 12.00
# Visual Studio Version 17
VisualStudioVersion = 17.13.35931.197 d17.13
MinimumVisualStudioVersion = 10.0.40219.1
Project("{FAE04EC0-301F-11D3-BF4B-00C04F79EFBC}") = "RESTfulWebAPITask2", "RESTfulWebAPITask2\RESTfulWebAPITask2.csproj", "{1AD92562-412B-4875-BC75-45376CC22B9A}"
EndProject
Global
	GlobalSection(SolutionConfigurationPlatforms) = preSolution
		Debug|Any CPU = Debug|Any CPU
		Release|Any CPU = Release|Any CPU
	EndGlobalSection
	GlobalSection(ProjectConfigurationPlatforms) = postSolution
		{1AD92562-412B-4875-BC75-45376CC22B9A}.Debug|Any CPU.ActiveCfg = Debug|Any CPU
		{1AD92562-412B-4875-BC75-45376CC22B9A}.Debug|Any CPU.Build.0 = Debug|Any CPU
		{1AD92562-412B-4875-BC75-45376CC22B9A}.Release|Any CPU.ActiveCfg = Release|Any CPU
		{1AD92562-412B-4875-BC75-45376CC22B9A}.Release|Any CPU.Build.0 = Release|Any CPU
	EndGlobalSection
	GlobalSection(SolutionProperties) = preSolution
		HideSolutionNode = FALSE
	EndGlobalSection
	GlobalSection(ExtensibilityGlobals) = postSolution
		SolutionGuid = {4D356384-FFD1-40F1-93C1-C5F1136B22D2}
	EndGlobalSection
EndGlobal
